
Microsoft Visual Studio Solution File, Format Version 12.00
# Visual Studio Version 16
VisualStudioVersion = 16.0.30011.22
MinimumVisualStudioVersion = 10.0.40219.1
Project("{FAE04EC0-301F-11D3-BF4B-00C04F79EFBC}") = "Builder", "Builder\Builder.csproj", "{46FCD597-FFA9-4F89-AB90-CCEB9B8F5BA1}"
EndProject
Global
	GlobalSection(SolutionConfigurationPlatforms) = preSolution
		Debug|Any CPU = Debug|Any CPU
		Release|Any CPU = Release|Any CPU
	EndGlobalSection
	GlobalSection(ProjectConfigurationPlatforms) = postSolution
		{46FCD597-FFA9-4F89-AB90-CCEB9B8F5BA1}.Debug|Any CPU.ActiveCfg = Debug|Any CPU
		{46FCD597-FFA9-4F89-AB90-CCEB9B8F5BA1}.Debug|Any CPU.Build.0 = Debug|Any CPU
		{46FCD597-FFA9-4F89-AB90-CCEB9B8F5BA1}.Release|Any CPU.ActiveCfg = Release|Any CPU
		{46FCD597-FFA9-4F89-AB90-CCEB9B8F5BA1}.Release|Any CPU.Build.0 = Release|Any CPU
	EndGlobalSection
	GlobalSection(SolutionProperties) = preSolution
		HideSolutionNode = FALSE
	EndGlobalSection
	GlobalSection(ExtensibilityGlobals) = postSolution
		SolutionGuid = {EA3A6D7E-19CB-4EDA-86A3-3DBF33194B09}
	EndGlobalSection
EndGlobal
