
Microsoft Visual Studio Solution File, Format Version 12.00
# Visual Studio Version 16
VisualStudioVersion = 16.0.30011.22
MinimumVisualStudioVersion = 10.0.40219.1
Project("{FAE04EC0-301F-11D3-BF4B-00C04F79EFBC}") = "Factory Method", "Factory Method\Factory Method.csproj", "{13558FCA-D57C-4035-A13D-5D27D9C896EE}"
EndProject
Global
	GlobalSection(SolutionConfigurationPlatforms) = preSolution
		Debug|Any CPU = Debug|Any CPU
		Release|Any CPU = Release|Any CPU
	EndGlobalSection
	GlobalSection(ProjectConfigurationPlatforms) = postSolution
		{13558FCA-D57C-4035-A13D-5D27D9C896EE}.Debug|Any CPU.ActiveCfg = Debug|Any CPU
		{13558FCA-D57C-4035-A13D-5D27D9C896EE}.Debug|Any CPU.Build.0 = Debug|Any CPU
		{13558FCA-D57C-4035-A13D-5D27D9C896EE}.Release|Any CPU.ActiveCfg = Release|Any CPU
		{13558FCA-D57C-4035-A13D-5D27D9C896EE}.Release|Any CPU.Build.0 = Release|Any CPU
	EndGlobalSection
	GlobalSection(SolutionProperties) = preSolution
		HideSolutionNode = FALSE
	EndGlobalSection
	GlobalSection(ExtensibilityGlobals) = postSolution
		SolutionGuid = {226C7B1A-4AEF-4231-8057-5A0B8E522B62}
	EndGlobalSection
EndGlobal
