
Microsoft Visual Studio Solution File, Format Version 12.00
# Visual Studio Version 16
VisualStudioVersion = 16.0.30204.135
MinimumVisualStudioVersion = 10.0.40219.1
Project("{FAE04EC0-301F-11D3-BF4B-00C04F79EFBC}") = "Singleton", "Singleton\Singleton.csproj", "{43225DD3-0A00-4B69-9CEB-470CEE982CD3}"
EndProject
Global
	GlobalSection(SolutionConfigurationPlatforms) = preSolution
		Debug|Any CPU = Debug|Any CPU
		Release|Any CPU = Release|Any CPU
	EndGlobalSection
	GlobalSection(ProjectConfigurationPlatforms) = postSolution
		{43225DD3-0A00-4B69-9CEB-470CEE982CD3}.Debug|Any CPU.ActiveCfg = Debug|Any CPU
		{43225DD3-0A00-4B69-9CEB-470CEE982CD3}.Debug|Any CPU.Build.0 = Debug|Any CPU
		{43225DD3-0A00-4B69-9CEB-470CEE982CD3}.Release|Any CPU.ActiveCfg = Release|Any CPU
		{43225DD3-0A00-4B69-9CEB-470CEE982CD3}.Release|Any CPU.Build.0 = Release|Any CPU
	EndGlobalSection
	GlobalSection(SolutionProperties) = preSolution
		HideSolutionNode = FALSE
	EndGlobalSection
	GlobalSection(ExtensibilityGlobals) = postSolution
		SolutionGuid = {0B51B721-04D6-4564-9457-1C7F4B26CAE9}
	EndGlobalSection
EndGlobal
